
Microsoft Visual Studio Solution File, Format Version 12.00
# Visual Studio Version 17
VisualStudioVersion = 17.14.37216.2 d17.14
MinimumVisualStudioVersion = 10.0.40219.1
Project("{FAE04EC0-301F-11D3-BF4B-00C04F79EFBC}") = "Practica02DDAMAmo1015", "Practica02DDAMAmo1015\Practica02DDAMAmo1015.csproj", "{B2CD7357-EC82-4A9B-A87B-11BB74104EBF}"
EndProject
Global
	GlobalSection(SolutionConfigurationPlatforms) = preSolution
		Debug|Any CPU = Debug|Any CPU
		Release|Any CPU = Release|Any CPU
	EndGlobalSection
	GlobalSection(ProjectConfigurationPlatforms) = postSolution
		{B2CD7357-EC82-4A9B-A87B-11BB74104EBF}.Debug|Any CPU.ActiveCfg = Debug|Any CPU
		{B2CD7357-EC82-4A9B-A87B-11BB74104EBF}.Debug|Any CPU.Build.0 = Debug|Any CPU
		{B2CD7357-EC82-4A9B-A87B-11BB74104EBF}.Debug|Any CPU.Deploy.0 = Debug|Any CPU
		{B2CD7357-EC82-4A9B-A87B-11BB74104EBF}.Release|Any CPU.ActiveCfg = Release|Any CPU
		{B2CD7357-EC82-4A9B-A87B-11BB74104EBF}.Release|Any CPU.Build.0 = Release|Any CPU
		{B2CD7357-EC82-4A9B-A87B-11BB74104EBF}.Release|Any CPU.Deploy.0 = Release|Any CPU
	EndGlobalSection
	GlobalSection(SolutionProperties) = preSolution
		HideSolutionNode = FALSE
	EndGlobalSection
	GlobalSection(ExtensibilityGlobals) = postSolution
		SolutionGuid = {68C39FB7-DE6B-42E0-9DCD-A2FDF544A229}
	EndGlobalSection
EndGlobal
